// !$*UTF8*$!
{
	archiveVersion = 1;
	classes = {
	};
	objectVersion = 51;
	objects = {

/* Begin PBXBuildFile section */
		D745539524FD95CD06A39F69 /* Pods_yesssman.framework in Frameworks */ = {isa = PBXBuildFile; fileRef = E4373192F2E99CFC8E8B5B86 /* Pods_yesssman.framework */; };
		DC0DF45C23AE27D8003B0E5B /* AppDelegate.swift in Sources */ = {isa = PBXBuildFile; fileRef = DC0DF45B23AE27D8003B0E5B /* AppDelegate.swift */; };
		DC0DF45E23AE27D8003B0E5B /* SceneDelegate.swift in Sources */ = {isa = PBXBuildFile; fileRef = DC0DF45D23AE27D8003B0E5B /* SceneDelegate.swift */; };
		DC0DF46023AE27D8003B0E5B /* ContentView.swift in Sources */ = {isa = PBXBuildFile; fileRef = DC0DF45F23AE27D8003B0E5B /* ContentView.swift */; };
		DC0DF46223AE27D9003B0E5B /* Assets.xcassets in Resources */ = {isa = PBXBuildFile; fileRef = DC0DF46123AE27D9003B0E5B /* Assets.xcassets */; };
		DC0DF46523AE27D9003B0E5B /* Preview Assets.xcassets in Resources */ = {isa = PBXBuildFile; fileRef = DC0DF46423AE27D9003B0E5B /* Preview Assets.xcassets */; };
		DC0DF46823AE27D9003B0E5B /* LaunchScreen.storyboard in Resources */ = {isa = PBXBuildFile; fileRef = DC0DF46623AE27D9003B0E5B /* LaunchScreen.storyboard */; };
		DC13B4D623AE29960034F4AF /* YesssService.swift in Sources */ = {isa = PBXBuildFile; fileRef = DC13B4D523AE29960034F4AF /* YesssService.swift */; };
		DC13B4D923AE35520034F4AF /* YesssResource.swift in Sources */ = {isa = PBXBuildFile; fileRef = DC13B4D823AE35520034F4AF /* YesssResource.swift */; };
		DC13B4DD23AE74B60034F4AF /* Credentials.plist in Resources */ = {isa = PBXBuildFile; fileRef = DC13B4DC23AE74B60034F4AF /* Credentials.plist */; };
		DC4083452572FC4900F0D4B2 /* Credentials.plist in Resources */ = {isa = PBXBuildFile; fileRef = DC13B4DC23AE74B60034F4AF /* Credentials.plist */; };
		DC5E599C2572C380002648F6 /* WidgetKit.framework in Frameworks */ = {isa = PBXBuildFile; fileRef = DC5E597B2572C1AD002648F6 /* WidgetKit.framework */; };
		DC5E599D2572C380002648F6 /* SwiftUI.framework in Frameworks */ = {isa = PBXBuildFile; fileRef = DC5E597D2572C1AD002648F6 /* SwiftUI.framework */; };
		DC5E59A02572C380002648F6 /* yesssman_widget.swift in Sources */ = {isa = PBXBuildFile; fileRef = DC5E599F2572C380002648F6 /* yesssman_widget.swift */; };
		DC5E59A22572C381002648F6 /* Assets.xcassets in Resources */ = {isa = PBXBuildFile; fileRef = DC5E59A12572C381002648F6 /* Assets.xcassets */; };
		DC5E59A62572C381002648F6 /* yesssman-widget.appex in Embed App Extensions */ = {isa = PBXBuildFile; fileRef = DC5E599B2572C380002648F6 /* yesssman-widget.appex */; settings = {ATTRIBUTES = (RemoveHeadersOnCopy, ); }; };
		DCEB32772572C4DA0097FCC2 /* YesssService.swift in Sources */ = {isa = PBXBuildFile; fileRef = DC13B4D523AE29960034F4AF /* YesssService.swift */; };
		DDEA378A55BD981F0873B889 /* Pods_yesssman_widget.framework in Frameworks */ = {isa = PBXBuildFile; fileRef = 1124C743690D5CF0E6DAA97F /* Pods_yesssman_widget.framework */; };
/* End PBXBuildFile section */

/* Begin PBXContainerItemProxy section */
		DC5E59A42572C381002648F6 /* PBXContainerItemProxy */ = {
			isa = PBXContainerItemProxy;
			containerPortal = DC0DF45023AE27D8003B0E5B /* Project object */;
			proxyType = 1;
			remoteGlobalIDString = DC5E599A2572C380002648F6;
			remoteInfo = "yesssman-widgetExtension";
		};
/* End PBXContainerItemProxy section */

/* Begin PBXCopyFilesBuildPhase section */
		DC0DF48423AE2805003B0E5B /* Embed App Extensions */ = {
			isa = PBXCopyFilesBuildPhase;
			buildActionMask = 2147483647;
			dstPath = "";
			dstSubfolderSpec = 13;
			files = (
				DC5E59A62572C381002648F6 /* yesssman-widget.appex in Embed App Extensions */,
			);
			name = "Embed App Extensions";
			runOnlyForDeploymentPostprocessing = 0;
		};
/* End PBXCopyFilesBuildPhase section */

/* Begin PBXFileReference section */
		055AD16772075631F0B374A9 /* Pods-yessman-today.debug.xcconfig */ = {isa = PBXFileReference; includeInIndex = 1; lastKnownFileType = text.xcconfig; name = "Pods-yessman-today.debug.xcconfig"; path = "Target Support Files/Pods-yessman-today/Pods-yessman-today.debug.xcconfig"; sourceTree = "<group>"; };
		0E4D08D83B240097C5510422 /* Pods-yesssman-widget.release.xcconfig */ = {isa = PBXFileReference; includeInIndex = 1; lastKnownFileType = text.xcconfig; name = "Pods-yesssman-widget.release.xcconfig"; path = "Target Support Files/Pods-yesssman-widget/Pods-yesssman-widget.release.xcconfig"; sourceTree = "<group>"; };
		1124C743690D5CF0E6DAA97F /* Pods_yesssman_widget.framework */ = {isa = PBXFileReference; explicitFileType = wrapper.framework; includeInIndex = 0; path = Pods_yesssman_widget.framework; sourceTree = BUILT_PRODUCTS_DIR; };
		1A2E60577DBCD5043A76550F /* Pods-yessman-today.release.xcconfig */ = {isa = PBXFileReference; includeInIndex = 1; lastKnownFileType = text.xcconfig; name = "Pods-yessman-today.release.xcconfig"; path = "Target Support Files/Pods-yessman-today/Pods-yessman-today.release.xcconfig"; sourceTree = "<group>"; };
		22BDFEC9F5FAFB2BE01CAF65 /* Pods-yesssman-widget.debug.xcconfig */ = {isa = PBXFileReference; includeInIndex = 1; lastKnownFileType = text.xcconfig; name = "Pods-yesssman-widget.debug.xcconfig"; path = "Target Support Files/Pods-yesssman-widget/Pods-yesssman-widget.debug.xcconfig"; sourceTree = "<group>"; };
		2BEF48FCE31EE103FA5F69F0 /* Pods-yesssman.debug.xcconfig */ = {isa = PBXFileReference; includeInIndex = 1; lastKnownFileType = text.xcconfig; name = "Pods-yesssman.debug.xcconfig"; path = "Target Support Files/Pods-yesssman/Pods-yesssman.debug.xcconfig"; sourceTree = "<group>"; };
		9BB86777007B87E15B4C3153 /* Pods-yesssman.release.xcconfig */ = {isa = PBXFileReference; includeInIndex = 1; lastKnownFileType = text.xcconfig; name = "Pods-yesssman.release.xcconfig"; path = "Target Support Files/Pods-yesssman/Pods-yesssman.release.xcconfig"; sourceTree = "<group>"; };
		DC0DF45823AE27D8003B0E5B /* yesssman.app */ = {isa = PBXFileReference; explicitFileType = wrapper.application; includeInIndex = 0; path = yesssman.app; sourceTree = BUILT_PRODUCTS_DIR; };
		DC0DF45B23AE27D8003B0E5B /* AppDelegate.swift */ = {isa = PBXFileReference; lastKnownFileType = sourcecode.swift; path = AppDelegate.swift; sourceTree = "<group>"; };
		DC0DF45D23AE27D8003B0E5B /* SceneDelegate.swift */ = {isa = PBXFileReference; lastKnownFileType = sourcecode.swift; path = SceneDelegate.swift; sourceTree = "<group>"; };
		DC0DF45F23AE27D8003B0E5B /* ContentView.swift */ = {isa = PBXFileReference; lastKnownFileType = sourcecode.swift; path = ContentView.swift; sourceTree = "<group>"; };
		DC0DF46123AE27D9003B0E5B /* Assets.xcassets */ = {isa = PBXFileReference; lastKnownFileType = folder.assetcatalog; path = Assets.xcassets; sourceTree = "<group>"; };
		DC0DF46423AE27D9003B0E5B /* Preview Assets.xcassets */ = {isa = PBXFileReference; lastKnownFileType = folder.assetcatalog; path = "Preview Assets.xcassets"; sourceTree = "<group>"; };
		DC0DF46723AE27D9003B0E5B /* Base */ = {isa = PBXFileReference; lastKnownFileType = file.storyboard; name = Base; path = Base.lproj/LaunchScreen.storyboard; sourceTree = "<group>"; };
		DC0DF46923AE27D9003B0E5B /* Info.plist */ = {isa = PBXFileReference; lastKnownFileType = text.plist.xml; path = Info.plist; sourceTree = "<group>"; };
		DC0DF47523AE2805003B0E5B /* NotificationCenter.framework */ = {isa = PBXFileReference; lastKnownFileType = wrapper.framework; name = NotificationCenter.framework; path = System/Library/Frameworks/NotificationCenter.framework; sourceTree = SDKROOT; };
		DC13B4D523AE29960034F4AF /* YesssService.swift */ = {isa = PBXFileReference; lastKnownFileType = sourcecode.swift; path = YesssService.swift; sourceTree = "<group>"; };
		DC13B4D823AE35520034F4AF /* YesssResource.swift */ = {isa = PBXFileReference; lastKnownFileType = sourcecode.swift; path = YesssResource.swift; sourceTree = "<group>"; };
		DC13B4DC23AE74B60034F4AF /* Credentials.plist */ = {isa = PBXFileReference; lastKnownFileType = text.plist.xml; path = Credentials.plist; sourceTree = "<group>"; };
		DC5E597B2572C1AD002648F6 /* WidgetKit.framework */ = {isa = PBXFileReference; lastKnownFileType = wrapper.framework; name = WidgetKit.framework; path = System/Library/Frameworks/WidgetKit.framework; sourceTree = SDKROOT; };
		DC5E597D2572C1AD002648F6 /* SwiftUI.framework */ = {isa = PBXFileReference; lastKnownFileType = wrapper.framework; name = SwiftUI.framework; path = System/Library/Frameworks/SwiftUI.framework; sourceTree = SDKROOT; };
		DC5E599B2572C380002648F6 /* yesssman-widget.appex */ = {isa = PBXFileReference; explicitFileType = "wrapper.app-extension"; includeInIndex = 0; path = "yesssman-widget.appex"; sourceTree = BUILT_PRODUCTS_DIR; };
		DC5E599F2572C380002648F6 /* yesssman_widget.swift */ = {isa = PBXFileReference; lastKnownFileType = sourcecode.swift; path = yesssman_widget.swift; sourceTree = "<group>"; };
		DC5E59A12572C381002648F6 /* Assets.xcassets */ = {isa = PBXFileReference; lastKnownFileType = folder.assetcatalog; path = Assets.xcassets; sourceTree = "<group>"; };
		DC5E59A32572C381002648F6 /* Info.plist */ = {isa = PBXFileReference; lastKnownFileType = text.plist.xml; path = Info.plist; sourceTree = "<group>"; };
		E4373192F2E99CFC8E8B5B86 /* Pods_yesssman.framework */ = {isa = PBXFileReference; explicitFileType = wrapper.framework; includeInIndex = 0; path = Pods_yesssman.framework; sourceTree = BUILT_PRODUCTS_DIR; };
		EE18BEEB4ACD515895CD0076 /* Pods_yessman_today.framework */ = {isa = PBXFileReference; explicitFileType = wrapper.framework; includeInIndex = 0; path = Pods_yessman_today.framework; sourceTree = BUILT_PRODUCTS_DIR; };
/* End PBXFileReference section */

/* Begin PBXFrameworksBuildPhase section */
		DC0DF45523AE27D8003B0E5B /* Frameworks */ = {
			isa = PBXFrameworksBuildPhase;
			buildActionMask = 2147483647;
			files = (
				D745539524FD95CD06A39F69 /* Pods_yesssman.framework in Frameworks */,
			);
			runOnlyForDeploymentPostprocessing = 0;
		};
		DC5E59982572C380002648F6 /* Frameworks */ = {
			isa = PBXFrameworksBuildPhase;
			buildActionMask = 2147483647;
			files = (
				DC5E599D2572C380002648F6 /* SwiftUI.framework in Frameworks */,
				DC5E599C2572C380002648F6 /* WidgetKit.framework in Frameworks */,
				DDEA378A55BD981F0873B889 /* Pods_yesssman_widget.framework in Frameworks */,
			);
			runOnlyForDeploymentPostprocessing = 0;
		};
/* End PBXFrameworksBuildPhase section */

/* Begin PBXGroup section */
		BAD33AD97726E5E2CA7B0954 /* Pods */ = {
			isa = PBXGroup;
			children = (
				055AD16772075631F0B374A9 /* Pods-yessman-today.debug.xcconfig */,
				1A2E60577DBCD5043A76550F /* Pods-yessman-today.release.xcconfig */,
				2BEF48FCE31EE103FA5F69F0 /* Pods-yesssman.debug.xcconfig */,
				9BB86777007B87E15B4C3153 /* Pods-yesssman.release.xcconfig */,
				22BDFEC9F5FAFB2BE01CAF65 /* Pods-yesssman-widget.debug.xcconfig */,
				0E4D08D83B240097C5510422 /* Pods-yesssman-widget.release.xcconfig */,
			);
			path = Pods;
			sourceTree = "<group>";
		};
		DC0DF44F23AE27D8003B0E5B = {
			isa = PBXGroup;
			children = (
				DC0DF45A23AE27D8003B0E5B /* yesssman */,
				DC5E599E2572C380002648F6 /* yesssman-widget */,
				DC0DF47423AE2805003B0E5B /* Frameworks */,
				DC0DF45923AE27D8003B0E5B /* Products */,
				BAD33AD97726E5E2CA7B0954 /* Pods */,
			);
			sourceTree = "<group>";
		};
		DC0DF45923AE27D8003B0E5B /* Products */ = {
			isa = PBXGroup;
			children = (
				DC0DF45823AE27D8003B0E5B /* yesssman.app */,
				DC5E599B2572C380002648F6 /* yesssman-widget.appex */,
			);
			name = Products;
			sourceTree = "<group>";
		};
		DC0DF45A23AE27D8003B0E5B /* yesssman */ = {
			isa = PBXGroup;
			children = (
				DC13B4D423AE29840034F4AF /* shared */,
				DC0DF45B23AE27D8003B0E5B /* AppDelegate.swift */,
				DC13B4D823AE35520034F4AF /* YesssResource.swift */,
				DC0DF45D23AE27D8003B0E5B /* SceneDelegate.swift */,
				DC0DF45F23AE27D8003B0E5B /* ContentView.swift */,
				DC0DF46123AE27D9003B0E5B /* Assets.xcassets */,
				DC0DF46623AE27D9003B0E5B /* LaunchScreen.storyboard */,
				DC0DF46923AE27D9003B0E5B /* Info.plist */,
				DC0DF46323AE27D9003B0E5B /* Preview Content */,
				DC13B4DC23AE74B60034F4AF /* Credentials.plist */,
			);
			path = yesssman;
			sourceTree = "<group>";
		};
		DC0DF46323AE27D9003B0E5B /* Preview Content */ = {
			isa = PBXGroup;
			children = (
				DC0DF46423AE27D9003B0E5B /* Preview Assets.xcassets */,
			);
			path = "Preview Content";
			sourceTree = "<group>";
		};
		DC0DF47423AE2805003B0E5B /* Frameworks */ = {
			isa = PBXGroup;
			children = (
				DC0DF47523AE2805003B0E5B /* NotificationCenter.framework */,
				EE18BEEB4ACD515895CD0076 /* Pods_yessman_today.framework */,
				E4373192F2E99CFC8E8B5B86 /* Pods_yesssman.framework */,
				DC5E597B2572C1AD002648F6 /* WidgetKit.framework */,
				DC5E597D2572C1AD002648F6 /* SwiftUI.framework */,
				1124C743690D5CF0E6DAA97F /* Pods_yesssman_widget.framework */,
			);
			name = Frameworks;
			sourceTree = "<group>";
		};
		DC13B4D423AE29840034F4AF /* shared */ = {
			isa = PBXGroup;
			children = (
				DC13B4D523AE29960034F4AF /* YesssService.swift */,
			);
			path = shared;
			sourceTree = "<group>";
		};
		DC5E599E2572C380002648F6 /* yesssman-widget */ = {
			isa = PBXGroup;
			children = (
				DC5E599F2572C380002648F6 /* yesssman_widget.swift */,
				DC5E59A12572C381002648F6 /* Assets.xcassets */,
				DC5E59A32572C381002648F6 /* Info.plist */,
			);
			path = "yesssman-widget";
			sourceTree = "<group>";
		};
/* End PBXGroup section */

/* Begin PBXNativeTarget section */
		DC0DF45723AE27D8003B0E5B /* yesssman */ = {
			isa = PBXNativeTarget;
			buildConfigurationList = DC0DF46C23AE27D9003B0E5B /* Build configuration list for PBXNativeTarget "yesssman" */;
			buildPhases = (
				21F0F49F3BC60C23BB756CFD /* [CP] Check Pods Manifest.lock */,
				DC0DF45423AE27D8003B0E5B /* Sources */,
				DC0DF45523AE27D8003B0E5B /* Frameworks */,
				DC0DF45623AE27D8003B0E5B /* Resources */,
				DC0DF48423AE2805003B0E5B /* Embed App Extensions */,
				CB66B9EA8E79445E2B24EF3B /* [CP] Embed Pods Frameworks */,
			);
			buildRules = (
			);
			dependencies = (
				DC5E59A52572C381002648F6 /* PBXTargetDependency */,
			);
			name = yesssman;
			productName = yesssman;
			productReference = DC0DF45823AE27D8003B0E5B /* yesssman.app */;
			productType = "com.apple.product-type.application";
		};
		DC5E599A2572C380002648F6 /* yesssman-widget */ = {
			isa = PBXNativeTarget;
			buildConfigurationList = DC5E59A72572C381002648F6 /* Build configuration list for PBXNativeTarget "yesssman-widget" */;
			buildPhases = (
				BCCF53DC123D1A2FDFD95A02 /* [CP] Check Pods Manifest.lock */,
				DC5E59972572C380002648F6 /* Sources */,
				DC5E59982572C380002648F6 /* Frameworks */,
				DC5E59992572C380002648F6 /* Resources */,
			);
			buildRules = (
			);
			dependencies = (
			);
			name = "yesssman-widget";
			productName = "yesssman-widgetExtension";
			productReference = DC5E599B2572C380002648F6 /* yesssman-widget.appex */;
			productType = "com.apple.product-type.app-extension";
		};
/* End PBXNativeTarget section */

/* Begin PBXProject section */
		DC0DF45023AE27D8003B0E5B /* Project object */ = {
			isa = PBXProject;
			attributes = {
				LastSwiftUpdateCheck = 1220;
				LastUpgradeCheck = 1130;
				ORGANIZATIONNAME = scale;
				TargetAttributes = {
					DC0DF45723AE27D8003B0E5B = {
						CreatedOnToolsVersion = 11.3;
					};
					DC5E599A2572C380002648F6 = {
						CreatedOnToolsVersion = 12.2;
					};
				};
			};
			buildConfigurationList = DC0DF45323AE27D8003B0E5B /* Build configuration list for PBXProject "yesssman" */;
			compatibilityVersion = "Xcode 9.3";
			developmentRegion = en;
			hasScannedForEncodings = 0;
			knownRegions = (
				en,
				Base,
			);
			mainGroup = DC0DF44F23AE27D8003B0E5B;
			productRefGroup = DC0DF45923AE27D8003B0E5B /* Products */;
			projectDirPath = "";
			projectRoot = "";
			targets = (
				DC0DF45723AE27D8003B0E5B /* yesssman */,
				DC5E599A2572C380002648F6 /* yesssman-widget */,
			);
		};
/* End PBXProject section */

/* Begin PBXResourcesBuildPhase section */
		DC0DF45623AE27D8003B0E5B /* Resources */ = {
			isa = PBXResourcesBuildPhase;
			buildActionMask = 2147483647;
			files = (
				DC0DF46823AE27D9003B0E5B /* LaunchScreen.storyboard in Resources */,
				DC13B4DD23AE74B60034F4AF /* Credentials.plist in Resources */,
				DC0DF46523AE27D9003B0E5B /* Preview Assets.xcassets in Resources */,
				DC0DF46223AE27D9003B0E5B /* Assets.xcassets in Resources */,
			);
			runOnlyForDeploymentPostprocessing = 0;
		};
		DC5E59992572C380002648F6 /* Resources */ = {
			isa = PBXResourcesBuildPhase;
			buildActionMask = 2147483647;
			files = (
				DC5E59A22572C381002648F6 /* Assets.xcassets in Resources */,
				DC4083452572FC4900F0D4B2 /* Credentials.plist in Resources */,
			);
			runOnlyForDeploymentPostprocessing = 0;
		};
/* End PBXResourcesBuildPhase section */

/* Begin PBXShellScriptBuildPhase section */
		21F0F49F3BC60C23BB756CFD /* [CP] Check Pods Manifest.lock */ = {
			isa = PBXShellScriptBuildPhase;
			buildActionMask = 2147483647;
			files = (
			);
			inputFileListPaths = (
			);
			inputPaths = (
				"${PODS_PODFILE_DIR_PATH}/Podfile.lock",
				"${PODS_ROOT}/Manifest.lock",
			);
			name = "[CP] Check Pods Manifest.lock";
			outputFileListPaths = (
			);
			outputPaths = (
				"$(DERIVED_FILE_DIR)/Pods-yesssman-checkManifestLockResult.txt",
			);
			runOnlyForDeploymentPostprocessing = 0;
			shellPath = /bin/sh;
			shellScript = "diff \"${PODS_PODFILE_DIR_PATH}/Podfile.lock\" \"${PODS_ROOT}/Manifest.lock\" > /dev/null\nif [ $? != 0 ] ; then\n    # print error to STDERR\n    echo \"error: The sandbox is not in sync with the Podfile.lock. Run 'pod install' or update your CocoaPods installation.\" >&2\n    exit 1\nfi\n# This output is used by Xcode 'outputs' to avoid re-running this script phase.\necho \"SUCCESS\" > \"${SCRIPT_OUTPUT_FILE_0}\"\n";
			showEnvVarsInLog = 0;
		};
		BCCF53DC123D1A2FDFD95A02 /* [CP] Check Pods Manifest.lock */ = {
			isa = PBXShellScriptBuildPhase;
			buildActionMask = 2147483647;
			files = (
			);
			inputFileListPaths = (
			);
			inputPaths = (
				"${PODS_PODFILE_DIR_PATH}/Podfile.lock",
				"${PODS_ROOT}/Manifest.lock",
			);
			name = "[CP] Check Pods Manifest.lock";
			outputFileListPaths = (
			);
			outputPaths = (
				"$(DERIVED_FILE_DIR)/Pods-yesssman-widget-checkManifestLockResult.txt",
			);
			runOnlyForDeploymentPostprocessing = 0;
			shellPath = /bin/sh;
			shellScript = "diff \"${PODS_PODFILE_DIR_PATH}/Podfile.lock\" \"${PODS_ROOT}/Manifest.lock\" > /dev/null\nif [ $? != 0 ] ; then\n    # print error to STDERR\n    echo \"error: The sandbox is not in sync with the Podfile.lock. Run 'pod install' or update your CocoaPods installation.\" >&2\n    exit 1\nfi\n# This output is used by Xcode 'outputs' to avoid re-running this script phase.\necho \"SUCCESS\" > \"${SCRIPT_OUTPUT_FILE_0}\"\n";
			showEnvVarsInLog = 0;
		};
		CB66B9EA8E79445E2B24EF3B /* [CP] Embed Pods Frameworks */ = {
			isa = PBXShellScriptBuildPhase;
			buildActionMask = 2147483647;
			files = (
			);
			inputFileListPaths = (
				"${PODS_ROOT}/Target Support Files/Pods-yesssman/Pods-yesssman-frameworks-${CONFIGURATION}-input-files.xcfilelist",
			);
			name = "[CP] Embed Pods Frameworks";
			outputFileListPaths = (
				"${PODS_ROOT}/Target Support Files/Pods-yesssman/Pods-yesssman-frameworks-${CONFIGURATION}-output-files.xcfilelist",
			);
			runOnlyForDeploymentPostprocessing = 0;
			shellPath = /bin/sh;
			shellScript = "\"${PODS_ROOT}/Target Support Files/Pods-yesssman/Pods-yesssman-frameworks.sh\"\n";
			showEnvVarsInLog = 0;
		};
/* End PBXShellScriptBuildPhase section */

/* Begin PBXSourcesBuildPhase section */
		DC0DF45423AE27D8003B0E5B /* Sources */ = {
			isa = PBXSourcesBuildPhase;
			buildActionMask = 2147483647;
			files = (
				DC13B4D923AE35520034F4AF /* YesssResource.swift in Sources */,
				DC0DF45C23AE27D8003B0E5B /* AppDelegate.swift in Sources */,
				DC13B4D623AE29960034F4AF /* YesssService.swift in Sources */,
				DC0DF45E23AE27D8003B0E5B /* SceneDelegate.swift in Sources */,
				DC0DF46023AE27D8003B0E5B /* ContentView.swift in Sources */,
			);
			runOnlyForDeploymentPostprocessing = 0;
		};
		DC5E59972572C380002648F6 /* Sources */ = {
			isa = PBXSourcesBuildPhase;
			buildActionMask = 2147483647;
			files = (
				DC5E59A02572C380002648F6 /* yesssman_widget.swift in Sources */,
				DCEB32772572C4DA0097FCC2 /* YesssService.swift in Sources */,
			);
			runOnlyForDeploymentPostprocessing = 0;
		};
/* End PBXSourcesBuildPhase section */

/* Begin PBXTargetDependency section */
		DC5E59A52572C381002648F6 /* PBXTargetDependency */ = {
			isa = PBXTargetDependency;
			target = DC5E599A2572C380002648F6 /* yesssman-widget */;
			targetProxy = DC5E59A42572C381002648F6 /* PBXContainerItemProxy */;
		};
/* End PBXTargetDependency section */

/* Begin PBXVariantGroup section */
		DC0DF46623AE27D9003B0E5B /* LaunchScreen.storyboard */ = {
			isa = PBXVariantGroup;
			children = (
				DC0DF46723AE27D9003B0E5B /* Base */,
			);
			name = LaunchScreen.storyboard;
			sourceTree = "<group>";
		};
/* End PBXVariantGroup section */

/* Begin XCBuildConfiguration section */
		DC0DF46A23AE27D9003B0E5B /* Debug */ = {
			isa = XCBuildConfiguration;
			buildSettings = {
				ALWAYS_SEARCH_USER_PATHS = NO;
				CLANG_ANALYZER_NONNULL = YES;
				CLANG_ANALYZER_NUMBER_OBJECT_CONVERSION = YES_AGGRESSIVE;
				CLANG_CXX_LANGUAGE_STANDARD = "gnu++14";
				CLANG_CXX_LIBRARY = "libc++";
				CLANG_ENABLE_MODULES = YES;
				CLANG_ENABLE_OBJC_ARC = YES;
				CLANG_ENABLE_OBJC_WEAK = YES;
				CLANG_WARN_BLOCK_CAPTURE_AUTORELEASING = YES;
				CLANG_WARN_BOOL_CONVERSION = YES;
				CLANG_WARN_COMMA = YES;
				CLANG_WARN_CONSTANT_CONVERSION = YES;
				CLANG_WARN_DEPRECATED_OBJC_IMPLEMENTATIONS = YES;
				CLANG_WARN_DIRECT_OBJC_ISA_USAGE = YES_ERROR;
				CLANG_WARN_DOCUMENTATION_COMMENTS = YES;
				CLANG_WARN_EMPTY_BODY = YES;
				CLANG_WARN_ENUM_CONVERSION = YES;
				CLANG_WARN_INFINITE_RECURSION = YES;
				CLANG_WARN_INT_CONVERSION = YES;
				CLANG_WARN_NON_LITERAL_NULL_CONVERSION = YES;
				CLANG_WARN_OBJC_IMPLICIT_RETAIN_SELF = YES;
				CLANG_WARN_OBJC_LITERAL_CONVERSION = YES;
				CLANG_WARN_OBJC_ROOT_CLASS = YES_ERROR;
				CLANG_WARN_RANGE_LOOP_ANALYSIS = YES;
				CLANG_WARN_STRICT_PROTOTYPES = YES;
				CLANG_WARN_SUSPICIOUS_MOVE = YES;
				CLANG_WARN_UNGUARDED_AVAILABILITY = YES_AGGRESSIVE;
				CLANG_WARN_UNREACHABLE_CODE = YES;
				CLANG_WARN__DUPLICATE_METHOD_MATCH = YES;
				COPY_PHASE_STRIP = NO;
				DEBUG_INFORMATION_FORMAT = dwarf;
				ENABLE_STRICT_OBJC_MSGSEND = YES;
				ENABLE_TESTABILITY = YES;
				GCC_C_LANGUAGE_STANDARD = gnu11;
				GCC_DYNAMIC_NO_PIC = NO;
				GCC_NO_COMMON_BLOCKS = YES;
				GCC_OPTIMIZATION_LEVEL = 0;
				GCC_PREPROCESSOR_DEFINITIONS = (
					"DEBUG=1",
					"$(inherited)",
				);
				GCC_WARN_64_TO_32_BIT_CONVERSION = YES;
				GCC_WARN_ABOUT_RETURN_TYPE = YES_ERROR;
				GCC_WARN_UNDECLARED_SELECTOR = YES;
				GCC_WARN_UNINITIALIZED_AUTOS = YES_AGGRESSIVE;
				GCC_WARN_UNUSED_FUNCTION = YES;
				GCC_WARN_UNUSED_VARIABLE = YES;
				IPHONEOS_DEPLOYMENT_TARGET = 14.2;
				MTL_ENABLE_DEBUG_INFO = INCLUDE_SOURCE;
				MTL_FAST_MATH = YES;
				ONLY_ACTIVE_ARCH = YES;
				SDKROOT = iphoneos;
				SWIFT_ACTIVE_COMPILATION_CONDITIONS = DEBUG;
				SWIFT_OPTIMIZATION_LEVEL = "-Onone";
			};
			name = Debug;
		};
		DC0DF46B23AE27D9003B0E5B /* Release */ = {
			isa = XCBuildConfiguration;
			buildSettings = {
				ALWAYS_SEARCH_USER_PATHS = NO;
				CLANG_ANALYZER_NONNULL = YES;
				CLANG_ANALYZER_NUMBER_OBJECT_CONVERSION = YES_AGGRESSIVE;
				CLANG_CXX_LANGUAGE_STANDARD = "gnu++14";
				CLANG_CXX_LIBRARY = "libc++";
				CLANG_ENABLE_MODULES = YES;
				CLANG_ENABLE_OBJC_ARC = YES;
				CLANG_ENABLE_OBJC_WEAK = YES;
				CLANG_WARN_BLOCK_CAPTURE_AUTORELEASING = YES;
				CLANG_WARN_BOOL_CONVERSION = YES;
				CLANG_WARN_COMMA = YES;
				CLANG_WARN_CONSTANT_CONVERSION = YES;
				CLANG_WARN_DEPRECATED_OBJC_IMPLEMENTATIONS = YES;
				CLANG_WARN_DIRECT_OBJC_ISA_USAGE = YES_ERROR;
				CLANG_WARN_DOCUMENTATION_COMMENTS = YES;
				CLANG_WARN_EMPTY_BODY = YES;
				CLANG_WARN_ENUM_CONVERSION = YES;
				CLANG_WARN_INFINITE_RECURSION = YES;
				CLANG_WARN_INT_CONVERSION = YES;
				CLANG_WARN_NON_LITERAL_NULL_CONVERSION = YES;
				CLANG_WARN_OBJC_IMPLICIT_RETAIN_SELF = YES;
				CLANG_WARN_OBJC_LITERAL_CONVERSION = YES;
				CLANG_WARN_OBJC_ROOT_CLASS = YES_ERROR;
				CLANG_WARN_RANGE_LOOP_ANALYSIS = YES;
				CLANG_WARN_STRICT_PROTOTYPES = YES;
				CLANG_WARN_SUSPICIOUS_MOVE = YES;
				CLANG_WARN_UNGUARDED_AVAILABILITY = YES_AGGRESSIVE;
				CLANG_WARN_UNREACHABLE_CODE = YES;
				CLANG_WARN__DUPLICATE_METHOD_MATCH = YES;
				COPY_PHASE_STRIP = NO;
				DEBUG_INFORMATION_FORMAT = "dwarf-with-dsym";
				ENABLE_NS_ASSERTIONS = NO;
				ENABLE_STRICT_OBJC_MSGSEND = YES;
				GCC_C_LANGUAGE_STANDARD = gnu11;
				GCC_NO_COMMON_BLOCKS = YES;
				GCC_WARN_64_TO_32_BIT_CONVERSION = YES;
				GCC_WARN_ABOUT_RETURN_TYPE = YES_ERROR;
				GCC_WARN_UNDECLARED_SELECTOR = YES;
				GCC_WARN_UNINITIALIZED_AUTOS = YES_AGGRESSIVE;
				GCC_WARN_UNUSED_FUNCTION = YES;
				GCC_WARN_UNUSED_VARIABLE = YES;
				IPHONEOS_DEPLOYMENT_TARGET = 14.2;
				MTL_ENABLE_DEBUG_INFO = NO;
				MTL_FAST_MATH = YES;
				SDKROOT = iphoneos;
				SWIFT_COMPILATION_MODE = wholemodule;
				SWIFT_OPTIMIZATION_LEVEL = "-O";
				VALIDATE_PRODUCT = YES;
			};
			name = Release;
		};
		DC0DF46D23AE27D9003B0E5B /* Debug */ = {
			isa = XCBuildConfiguration;
			baseConfigurationReference = 2BEF48FCE31EE103FA5F69F0 /* Pods-yesssman.debug.xcconfig */;
			buildSettings = {
				ALWAYS_EMBED_SWIFT_STANDARD_LIBRARIES = "$(inherited)";
				ASSETCATALOG_COMPILER_APPICON_NAME = AppIcon;
				CODE_SIGN_STYLE = Automatic;
				CURRENT_PROJECT_VERSION = 4;
				DEVELOPMENT_ASSET_PATHS = "\"yesssman/Preview Content\"";
				DEVELOPMENT_TEAM = 2U96B8HYYU;
				ENABLE_PREVIEWS = YES;
				INFOPLIST_FILE = yesssman/Info.plist;
				IPHONEOS_DEPLOYMENT_TARGET = 14.2;
				LD_RUNPATH_SEARCH_PATHS = (
					"$(inherited)",
					"@executable_path/Frameworks",
				);
				PRODUCT_BUNDLE_IDENTIFIER = at.scale.yesssman;
				PRODUCT_NAME = "$(TARGET_NAME)";
				SWIFT_VERSION = 5.0;
				TARGETED_DEVICE_FAMILY = "1,2";
			};
			name = Debug;
		};
		DC0DF46E23AE27D9003B0E5B /* Release */ = {
			isa = XCBuildConfiguration;
			baseConfigurationReference = 9BB86777007B87E15B4C3153 /* Pods-yesssman.release.xcconfig */;
			buildSettings = {
				ALWAYS_EMBED_SWIFT_STANDARD_LIBRARIES = "$(inherited)";
				ASSETCATALOG_COMPILER_APPICON_NAME = AppIcon;
				CODE_SIGN_STYLE = Automatic;
				CURRENT_PROJECT_VERSION = 4;
				DEVELOPMENT_ASSET_PATHS = "\"yesssman/Preview Content\"";
				DEVELOPMENT_TEAM = 2U96B8HYYU;
				ENABLE_PREVIEWS = YES;
				INFOPLIST_FILE = yesssman/Info.plist;
				IPHONEOS_DEPLOYMENT_TARGET = 14.2;
				LD_RUNPATH_SEARCH_PATHS = (
					"$(inherited)",
					"@executable_path/Frameworks",
				);
				PRODUCT_BUNDLE_IDENTIFIER = at.scale.yesssman;
				PRODUCT_NAME = "$(TARGET_NAME)";
				SWIFT_VERSION = 5.0;
				TARGETED_DEVICE_FAMILY = "1,2";
			};
			name = Release;
		};
		DC5E59A82572C381002648F6 /* Debug */ = {
			isa = XCBuildConfiguration;
			baseConfigurationReference = 22BDFEC9F5FAFB2BE01CAF65 /* Pods-yesssman-widget.debug.xcconfig */;
			buildSettings = {
				ASSETCATALOG_COMPILER_GLOBAL_ACCENT_COLOR_NAME = AccentColor;
				ASSETCATALOG_COMPILER_WIDGET_BACKGROUND_COLOR_NAME = WidgetBackground;
				CLANG_WARN_QUOTED_INCLUDE_IN_FRAMEWORK_HEADER = YES;
				CODE_SIGN_STYLE = Automatic;
				DEVELOPMENT_TEAM = 2U96B8HYYU;
				INFOPLIST_FILE = "yesssman-widget/Info.plist";
				LD_RUNPATH_SEARCH_PATHS = (
					"$(inherited)",
					"@executable_path/Frameworks",
					"@executable_path/../../Frameworks",
				);
				PRODUCT_BUNDLE_IDENTIFIER = "at.scale.yesssman.yesssman-widget";
				PRODUCT_NAME = "$(TARGET_NAME)";
				SKIP_INSTALL = YES;
				SWIFT_VERSION = 5.0;
				TARGETED_DEVICE_FAMILY = "1,2";
			};
			name = Debug;
		};
		DC5E59A92572C381002648F6 /* Release */ = {
			isa = XCBuildConfiguration;
			baseConfigurationReference = 0E4D08D83B240097C5510422 /* Pods-yesssman-widget.release.xcconfig */;
			buildSettings = {
				ASSETCATALOG_COMPILER_GLOBAL_ACCENT_COLOR_NAME = AccentColor;
				ASSETCATALOG_COMPILER_WIDGET_BACKGROUND_COLOR_NAME = WidgetBackground;
				CLANG_WARN_QUOTED_INCLUDE_IN_FRAMEWORK_HEADER = YES;
				CODE_SIGN_STYLE = Automatic;
				DEVELOPMENT_TEAM = 2U96B8HYYU;
				INFOPLIST_FILE = "yesssman-widget/Info.plist";
				LD_RUNPATH_SEARCH_PATHS = (
					"$(inherited)",
					"@executable_path/Frameworks",
					"@executable_path/../../Frameworks",
				);
				PRODUCT_BUNDLE_IDENTIFIER = "at.scale.yesssman.yesssman-widget";
				PRODUCT_NAME = "$(TARGET_NAME)";
				SKIP_INSTALL = YES;
				SWIFT_VERSION = 5.0;
				TARGETED_DEVICE_FAMILY = "1,2";
			};
			name = Release;
		};
/* End XCBuildConfiguration section */

/* Begin XCConfigurationList section */
		DC0DF45323AE27D8003B0E5B /* Build configuration list for PBXProject "yesssman" */ = {
			isa = XCConfigurationList;
			buildConfigurations = (
				DC0DF46A23AE27D9003B0E5B /* Debug */,
				DC0DF46B23AE27D9003B0E5B /* Release */,
			);
			defaultConfigurationIsVisible = 0;
			defaultConfigurationName = Release;
		};
		DC0DF46C23AE27D9003B0E5B /* Build configuration list for PBXNativeTarget "yesssman" */ = {
			isa = XCConfigurationList;
			buildConfigurations = (
				DC0DF46D23AE27D9003B0E5B /* Debug */,
				DC0DF46E23AE27D9003B0E5B /* Release */,
			);
			defaultConfigurationIsVisible = 0;
			defaultConfigurationName = Release;
		};
		DC5E59A72572C381002648F6 /* Build configuration list for PBXNativeTarget "yesssman-widget" */ = {
			isa = XCConfigurationList;
			buildConfigurations = (
				DC5E59A82572C381002648F6 /* Debug */,
				DC5E59A92572C381002648F6 /* Release */,
			);
			defaultConfigurationIsVisible = 0;
			defaultConfigurationName = Release;
		};
/* End XCConfigurationList section */
	};
	rootObject = DC0DF45023AE27D8003B0E5B /* Project object */;
}
